
Microsoft Visual Studio Solution File, Format Version 12.00
# Visual Studio Version 17
VisualStudioVersion = 17.11.35208.52
MinimumVisualStudioVersion = 10.0.40219.1
Project("{FAE04EC0-301F-11D3-BF4B-00C04F79EFBC}") = "BusinessLayer", "BusinessLayer\BusinessLayer.csproj", "{6136661B-55C0-4D95-B9A6-8E651AF1EDB4}"
EndProject
Project("{FAE04EC0-301F-11D3-BF4B-00C04F79EFBC}") = "DataAcess", "DataAcess\DataAcess.csproj", "{7656FBB3-0E73-4B9A-A697-2ACF0B384BF6}"
EndProject
Project("{FAE04EC0-301F-11D3-BF4B-00C04F79EFBC}") = "Entity", "Entity\Entity.csproj", "{21B9C00D-370F-4450-AFE3-3D821290660E}"
EndProject
Project("{FAE04EC0-301F-11D3-BF4B-00C04F79EFBC}") = "PresentationLayer", "PresentationLayer\PresentationLayer.csproj", "{283974D2-C0E1-40E7-B2F1-8E1D4ECD61F6}"
EndProject
Global
	GlobalSection(SolutionConfigurationPlatforms) = preSolution
		Debug|Any CPU = Debug|Any CPU
		Release|Any CPU = Release|Any CPU
	EndGlobalSection
	GlobalSection(ProjectConfigurationPlatforms) = postSolution
		{6136661B-55C0-4D95-B9A6-8E651AF1EDB4}.Debug|Any CPU.ActiveCfg = Debug|Any CPU
		{6136661B-55C0-4D95-B9A6-8E651AF1EDB4}.Debug|Any CPU.Build.0 = Debug|Any CPU
		{6136661B-55C0-4D95-B9A6-8E651AF1EDB4}.Release|Any CPU.ActiveCfg = Release|Any CPU
		{6136661B-55C0-4D95-B9A6-8E651AF1EDB4}.Release|Any CPU.Build.0 = Release|Any CPU
		{7656FBB3-0E73-4B9A-A697-2ACF0B384BF6}.Debug|Any CPU.ActiveCfg = Debug|Any CPU
		{7656FBB3-0E73-4B9A-A697-2ACF0B384BF6}.Debug|Any CPU.Build.0 = Debug|Any CPU
		{7656FBB3-0E73-4B9A-A697-2ACF0B384BF6}.Release|Any CPU.ActiveCfg = Release|Any CPU
		{7656FBB3-0E73-4B9A-A697-2ACF0B384BF6}.Release|Any CPU.Build.0 = Release|Any CPU
		{21B9C00D-370F-4450-AFE3-3D821290660E}.Debug|Any CPU.ActiveCfg = Debug|Any CPU
		{21B9C00D-370F-4450-AFE3-3D821290660E}.Debug|Any CPU.Build.0 = Debug|Any CPU
		{21B9C00D-370F-4450-AFE3-3D821290660E}.Release|Any CPU.ActiveCfg = Release|Any CPU
		{21B9C00D-370F-4450-AFE3-3D821290660E}.Release|Any CPU.Build.0 = Release|Any CPU
		{283974D2-C0E1-40E7-B2F1-8E1D4ECD61F6}.Debug|Any CPU.ActiveCfg = Debug|Any CPU
		{283974D2-C0E1-40E7-B2F1-8E1D4ECD61F6}.Debug|Any CPU.Build.0 = Debug|Any CPU
		{283974D2-C0E1-40E7-B2F1-8E1D4ECD61F6}.Release|Any CPU.ActiveCfg = Release|Any CPU
		{283974D2-C0E1-40E7-B2F1-8E1D4ECD61F6}.Release|Any CPU.Build.0 = Release|Any CPU
	EndGlobalSection
	GlobalSection(SolutionProperties) = preSolution
		HideSolutionNode = FALSE
	EndGlobalSection
	GlobalSection(ExtensibilityGlobals) = postSolution
		SolutionGuid = {9E320EE8-5268-4984-9AD4-7E8B7ED86517}
	EndGlobalSection
EndGlobal
